// !$*UTF8*$!
{
	archiveVersion = 1;
	classes = {
	};
	objectVersion = 56;
	objects = {

/* Begin PBXBuildFile section */
		74177FB82A0D592B007E6862 /* CustomTabbarViewController.swift in Sources */ = {isa = PBXBuildFile; fileRef = 74177FB72A0D592B007E6862 /* CustomTabbarViewController.swift */; };
		7464074A2A0F708700F34C5E /* Ca-Phe-MIN.mp3 in Resources */ = {isa = PBXBuildFile; fileRef = 746407492A0F708700F34C5E /* Ca-Phe-MIN.mp3 */; };
		7464074C2A0F770700F34C5E /* vetmua.mp3 in Resources */ = {isa = PBXBuildFile; fileRef = 7464074B2A0F770700F34C5E /* vetmua.mp3 */; };
		7464E17A2A13FA8E00A7EDC2 /* ResultController.swift in Sources */ = {isa = PBXBuildFile; fileRef = 7464E1792A13FA8E00A7EDC2 /* ResultController.swift */; };
		747C28762A10BB1800C6C51B /* Haru Haru - Big Bang.m4a in Resources */ = {isa = PBXBuildFile; fileRef = 747C28752A10BB1800C6C51B /* Haru Haru - Big Bang.m4a */; };
		747C28782A1128FF00C6C51B /* Ngoc Nghech - Bao Thy.m4a in Resources */ = {isa = PBXBuildFile; fileRef = 747C28772A1128FF00C6C51B /* Ngoc Nghech - Bao Thy.m4a */; };
		7481AB7C2A0633B100391780 /* AppDelegate.swift in Sources */ = {isa = PBXBuildFile; fileRef = 7481AB7B2A0633B100391780 /* AppDelegate.swift */; };
		7481AB7E2A0633B100391780 /* SceneDelegate.swift in Sources */ = {isa = PBXBuildFile; fileRef = 7481AB7D2A0633B100391780 /* SceneDelegate.swift */; };
		7481AB802A0633B100391780 /* HomeController.swift in Sources */ = {isa = PBXBuildFile; fileRef = 7481AB7F2A0633B100391780 /* HomeController.swift */; };
		7481AB832A0633B100391780 /* Main.storyboard in Resources */ = {isa = PBXBuildFile; fileRef = 7481AB812A0633B100391780 /* Main.storyboard */; };
		7481AB862A0633B100391780 /* SoundBox.xcdatamodeld in Sources */ = {isa = PBXBuildFile; fileRef = 7481AB842A0633B100391780 /* SoundBox.xcdatamodeld */; };
		7481AB882A0633B200391780 /* Assets.xcassets in Resources */ = {isa = PBXBuildFile; fileRef = 7481AB872A0633B200391780 /* Assets.xcassets */; };
		7481AB8B2A0633B200391780 /* LaunchScreen.storyboard in Resources */ = {isa = PBXBuildFile; fileRef = 7481AB892A0633B200391780 /* LaunchScreen.storyboard */; };
		7481AB962A0633B200391780 /* SoundBoxTests.swift in Sources */ = {isa = PBXBuildFile; fileRef = 7481AB952A0633B200391780 /* SoundBoxTests.swift */; };
		7481ABA02A0633B200391780 /* SoundBoxUITests.swift in Sources */ = {isa = PBXBuildFile; fileRef = 7481AB9F2A0633B200391780 /* SoundBoxUITests.swift */; };
		7481ABA22A0633B200391780 /* SoundBoxUITestsLaunchTests.swift in Sources */ = {isa = PBXBuildFile; fileRef = 7481ABA12A0633B200391780 /* SoundBoxUITestsLaunchTests.swift */; };
		74954DBF2A20B966003CED9E /* SplashScreenController.swift in Sources */ = {isa = PBXBuildFile; fileRef = 74954DBE2A20B966003CED9E /* SplashScreenController.swift */; };
		74954DC12A20BBA1003CED9E /* intro.mp3 in Resources */ = {isa = PBXBuildFile; fileRef = 74954DC02A20BBA1003CED9E /* intro.mp3 */; };
		74954DC92A20C5C6003CED9E /* GiftLoader.swift in Sources */ = {isa = PBXBuildFile; fileRef = 74954DC82A20C5C6003CED9E /* GiftLoader.swift */; };
		74954DCD2A20CC2C003CED9E /* logo.gif in Resources */ = {isa = PBXBuildFile; fileRef = 74954DCC2A20CC2C003CED9E /* logo.gif */; };
		74954DCF2A20CE67003CED9E /* SoundBox.gif in Resources */ = {isa = PBXBuildFile; fileRef = 74954DCE2A20CE67003CED9E /* SoundBox.gif */; };
		74954DD12A20CFF1003CED9E /* Sound Box.gif in Resources */ = {isa = PBXBuildFile; fileRef = 74954DD02A20CFF1003CED9E /* Sound Box.gif */; };
		74D2F99C2A07B40400C32AB9 /* RecentlyCollectionViewCell.swift in Sources */ = {isa = PBXBuildFile; fileRef = 74D2F99B2A07B40400C32AB9 /* RecentlyCollectionViewCell.swift */; };
		74D2F99E2A07C19500C32AB9 /* Song.swift in Sources */ = {isa = PBXBuildFile; fileRef = 74D2F99D2A07C19500C32AB9 /* Song.swift */; };
		74E616262A0F285100B8ED21 /* ListSongCollectionViewCell.swift in Sources */ = {isa = PBXBuildFile; fileRef = 74E616252A0F285100B8ED21 /* ListSongCollectionViewCell.swift */; };
		74EE7EEE2A0E6663007EDB03 /* PlayingController.swift in Sources */ = {isa = PBXBuildFile; fileRef = 74EE7EED2A0E6663007EDB03 /* PlayingController.swift */; };
		74EE7EF02A0E6673007EDB03 /* FavoriteController.swift in Sources */ = {isa = PBXBuildFile; fileRef = 74EE7EEF2A0E6673007EDB03 /* FavoriteController.swift */; };
		74FC9F1A2A0776F000999929 /* ReccommedTableViewCell.swift in Sources */ = {isa = PBXBuildFile; fileRef = 74FC9F192A0776F000999929 /* ReccommedTableViewCell.swift */; };
/* End PBXBuildFile section */

/* Begin PBXContainerItemProxy section */
		7481AB922A0633B200391780 /* PBXContainerItemProxy */ = {
			isa = PBXContainerItemProxy;
			containerPortal = 7481AB702A0633B100391780 /* Project object */;
			proxyType = 1;
			remoteGlobalIDString = 7481AB772A0633B100391780;
			remoteInfo = SoundBox;
		};
		7481AB9C2A0633B200391780 /* PBXContainerItemProxy */ = {
			isa = PBXContainerItemProxy;
			containerPortal = 7481AB702A0633B100391780 /* Project object */;
			proxyType = 1;
			remoteGlobalIDString = 7481AB772A0633B100391780;
			remoteInfo = SoundBox;
		};
/* End PBXContainerItemProxy section */

/* Begin PBXFileReference section */
		74177FB72A0D592B007E6862 /* CustomTabbarViewController.swift */ = {isa = PBXFileReference; lastKnownFileType = sourcecode.swift; path = CustomTabbarViewController.swift; sourceTree = "<group>"; };
		746407492A0F708700F34C5E /* Ca-Phe-MIN.mp3 */ = {isa = PBXFileReference; lastKnownFileType = audio.mp3; path = "Ca-Phe-MIN.mp3"; sourceTree = "<group>"; };
		7464074B2A0F770700F34C5E /* vetmua.mp3 */ = {isa = PBXFileReference; lastKnownFileType = audio.mp3; path = vetmua.mp3; sourceTree = "<group>"; };
		7464E1792A13FA8E00A7EDC2 /* ResultController.swift */ = {isa = PBXFileReference; lastKnownFileType = sourcecode.swift; path = ResultController.swift; sourceTree = "<group>"; };
		747C28752A10BB1800C6C51B /* Haru Haru - Big Bang.m4a */ = {isa = PBXFileReference; lastKnownFileType = file; path = "Haru Haru - Big Bang.m4a"; sourceTree = "<group>"; };
		747C28772A1128FF00C6C51B /* Ngoc Nghech - Bao Thy.m4a */ = {isa = PBXFileReference; lastKnownFileType = file; path = "Ngoc Nghech - Bao Thy.m4a"; sourceTree = "<group>"; };
		7481AB782A0633B100391780 /* SoundBox.app */ = {isa = PBXFileReference; explicitFileType = wrapper.application; includeInIndex = 0; path = SoundBox.app; sourceTree = BUILT_PRODUCTS_DIR; };
		7481AB7B2A0633B100391780 /* AppDelegate.swift */ = {isa = PBXFileReference; lastKnownFileType = sourcecode.swift; path = AppDelegate.swift; sourceTree = "<group>"; };
		7481AB7D2A0633B100391780 /* SceneDelegate.swift */ = {isa = PBXFileReference; lastKnownFileType = sourcecode.swift; path = SceneDelegate.swift; sourceTree = "<group>"; };
		7481AB7F2A0633B100391780 /* HomeController.swift */ = {isa = PBXFileReference; lastKnownFileType = sourcecode.swift; path = HomeController.swift; sourceTree = "<group>"; };
		7481AB822A0633B100391780 /* Base */ = {isa = PBXFileReference; lastKnownFileType = file.storyboard; name = Base; path = Base.lproj/Main.storyboard; sourceTree = "<group>"; };
		7481AB852A0633B100391780 /* SoundBox.xcdatamodel */ = {isa = PBXFileReference; lastKnownFileType = wrapper.xcdatamodel; path = SoundBox.xcdatamodel; sourceTree = "<group>"; };
		7481AB872A0633B200391780 /* Assets.xcassets */ = {isa = PBXFileReference; lastKnownFileType = folder.assetcatalog; path = Assets.xcassets; sourceTree = "<group>"; };
		7481AB8A2A0633B200391780 /* Base */ = {isa = PBXFileReference; lastKnownFileType = file.storyboard; name = Base; path = Base.lproj/LaunchScreen.storyboard; sourceTree = "<group>"; };
		7481AB8C2A0633B200391780 /* Info.plist */ = {isa = PBXFileReference; lastKnownFileType = text.plist.xml; path = Info.plist; sourceTree = "<group>"; };
		7481AB912A0633B200391780 /* SoundBoxTests.xctest */ = {isa = PBXFileReference; explicitFileType = wrapper.cfbundle; includeInIndex = 0; path = SoundBoxTests.xctest; sourceTree = BUILT_PRODUCTS_DIR; };
		7481AB952A0633B200391780 /* SoundBoxTests.swift */ = {isa = PBXFileReference; lastKnownFileType = sourcecode.swift; path = SoundBoxTests.swift; sourceTree = "<group>"; };
		7481AB9B2A0633B200391780 /* SoundBoxUITests.xctest */ = {isa = PBXFileReference; explicitFileType = wrapper.cfbundle; includeInIndex = 0; path = SoundBoxUITests.xctest; sourceTree = BUILT_PRODUCTS_DIR; };
		7481AB9F2A0633B200391780 /* SoundBoxUITests.swift */ = {isa = PBXFileReference; lastKnownFileType = sourcecode.swift; path = SoundBoxUITests.swift; sourceTree = "<group>"; };
		7481ABA12A0633B200391780 /* SoundBoxUITestsLaunchTests.swift */ = {isa = PBXFileReference; lastKnownFileType = sourcecode.swift; path = SoundBoxUITestsLaunchTests.swift; sourceTree = "<group>"; };
		74954DBE2A20B966003CED9E /* SplashScreenController.swift */ = {isa = PBXFileReference; lastKnownFileType = sourcecode.swift; path = SplashScreenController.swift; sourceTree = "<group>"; };
		74954DC02A20BBA1003CED9E /* intro.mp3 */ = {isa = PBXFileReference; lastKnownFileType = audio.mp3; path = intro.mp3; sourceTree = "<group>"; };
		74954DC82A20C5C6003CED9E /* GiftLoader.swift */ = {isa = PBXFileReference; lastKnownFileType = sourcecode.swift; path = GiftLoader.swift; sourceTree = "<group>"; };
		74954DCC2A20CC2C003CED9E /* logo.gif */ = {isa = PBXFileReference; lastKnownFileType = image.gif; path = logo.gif; sourceTree = "<group>"; };
		74954DCE2A20CE67003CED9E /* SoundBox.gif */ = {isa = PBXFileReference; lastKnownFileType = image.gif; path = SoundBox.gif; sourceTree = "<group>"; };
		74954DD02A20CFF1003CED9E /* Sound Box.gif */ = {isa = PBXFileReference; lastKnownFileType = image.gif; path = "Sound Box.gif"; sourceTree = "<group>"; };
		74D2F99B2A07B40400C32AB9 /* RecentlyCollectionViewCell.swift */ = {isa = PBXFileReference; lastKnownFileType = sourcecode.swift; path = RecentlyCollectionViewCell.swift; sourceTree = "<group>"; };
		74D2F99D2A07C19500C32AB9 /* Song.swift */ = {isa = PBXFileReference; lastKnownFileType = sourcecode.swift; path = Song.swift; sourceTree = "<group>"; };
		74E616252A0F285100B8ED21 /* ListSongCollectionViewCell.swift */ = {isa = PBXFileReference; lastKnownFileType = sourcecode.swift; path = ListSongCollectionViewCell.swift; sourceTree = "<group>"; };
		74EE7EED2A0E6663007EDB03 /* PlayingController.swift */ = {isa = PBXFileReference; lastKnownFileType = sourcecode.swift; path = PlayingController.swift; sourceTree = "<group>"; };
		74EE7EEF2A0E6673007EDB03 /* FavoriteController.swift */ = {isa = PBXFileReference; lastKnownFileType = sourcecode.swift; path = FavoriteController.swift; sourceTree = "<group>"; };
		74FC9F192A0776F000999929 /* ReccommedTableViewCell.swift */ = {isa = PBXFileReference; lastKnownFileType = sourcecode.swift; path = ReccommedTableViewCell.swift; sourceTree = "<group>"; };
/* End PBXFileReference section */

/* Begin PBXFrameworksBuildPhase section */
		7481AB752A0633B100391780 /* Frameworks */ = {
			isa = PBXFrameworksBuildPhase;
			buildActionMask = 2147483647;
			files = (
			);
			runOnlyForDeploymentPostprocessing = 0;
		};
		7481AB8E2A0633B200391780 /* Frameworks */ = {
			isa = PBXFrameworksBuildPhase;
			buildActionMask = 2147483647;
			files = (
			);
			runOnlyForDeploymentPostprocessing = 0;
		};
		7481AB982A0633B200391780 /* Frameworks */ = {
			isa = PBXFrameworksBuildPhase;
			buildActionMask = 2147483647;
			files = (
			);
			runOnlyForDeploymentPostprocessing = 0;
		};
/* End PBXFrameworksBuildPhase section */

/* Begin PBXGroup section */
		7481AB6F2A0633B100391780 = {
			isa = PBXGroup;
			children = (
				7481AB7A2A0633B100391780 /* SoundBox */,
				7481AB942A0633B200391780 /* SoundBoxTests */,
				7481AB9E2A0633B200391780 /* SoundBoxUITests */,
				7481AB792A0633B100391780 /* Products */,
			);
			sourceTree = "<group>";
		};
		7481AB792A0633B100391780 /* Products */ = {
			isa = PBXGroup;
			children = (
				7481AB782A0633B100391780 /* SoundBox.app */,
				7481AB912A0633B200391780 /* SoundBoxTests.xctest */,
				7481AB9B2A0633B200391780 /* SoundBoxUITests.xctest */,
			);
			name = Products;
			sourceTree = "<group>";
		};
		7481AB7A2A0633B100391780 /* SoundBox */ = {
			isa = PBXGroup;
			children = (
				747C28772A1128FF00C6C51B /* Ngoc Nghech - Bao Thy.m4a */,
				747C28752A10BB1800C6C51B /* Haru Haru - Big Bang.m4a */,
				74954DCE2A20CE67003CED9E /* SoundBox.gif */,
				74954DCC2A20CC2C003CED9E /* logo.gif */,
				74954DD02A20CFF1003CED9E /* Sound Box.gif */,
				74954DC02A20BBA1003CED9E /* intro.mp3 */,
				7464074B2A0F770700F34C5E /* vetmua.mp3 */,
				746407492A0F708700F34C5E /* Ca-Phe-MIN.mp3 */,
				7481ABAE2A0633EE00391780 /* System file */,
				7481AB812A0633B100391780 /* Main.storyboard */,
			);
			path = SoundBox;
			sourceTree = "<group>";
		};
		7481AB942A0633B200391780 /* SoundBoxTests */ = {
			isa = PBXGroup;
			children = (
				7481AB952A0633B200391780 /* SoundBoxTests.swift */,
			);
			path = SoundBoxTests;
			sourceTree = "<group>";
		};
		7481AB9E2A0633B200391780 /* SoundBoxUITests */ = {
			isa = PBXGroup;
			children = (
				7481AB9F2A0633B200391780 /* SoundBoxUITests.swift */,
				7481ABA12A0633B200391780 /* SoundBoxUITestsLaunchTests.swift */,
			);
			path = SoundBoxUITests;
			sourceTree = "<group>";
		};
		7481ABAE2A0633EE00391780 /* System file */ = {
			isa = PBXGroup;
			children = (
				7481AB842A0633B100391780 /* SoundBox.xcdatamodeld */,
				7481AB8C2A0633B200391780 /* Info.plist */,
				7481AB892A0633B200391780 /* LaunchScreen.storyboard */,
				7481AB872A0633B200391780 /* Assets.xcassets */,
				7481AB7D2A0633B100391780 /* SceneDelegate.swift */,
				7481AB7B2A0633B100391780 /* AppDelegate.swift */,
				74D6A6342A0DFD8100480597 /* Model */,
				74D6A6332A0DFD5100480597 /* Controls */,
				74D6A6352A0DFDD200480597 /* Controllers */,
			);
			name = "System file";
			sourceTree = "<group>";
		};
		74D6A6332A0DFD5100480597 /* Controls */ = {
			isa = PBXGroup;
			children = (
				74D2F99B2A07B40400C32AB9 /* RecentlyCollectionViewCell.swift */,
				74FC9F192A0776F000999929 /* ReccommedTableViewCell.swift */,
				74E616252A0F285100B8ED21 /* ListSongCollectionViewCell.swift */,
			);
			path = Controls;
			sourceTree = "<group>";
		};
		74D6A6342A0DFD8100480597 /* Model */ = {
			isa = PBXGroup;
			children = (
				74D2F99D2A07C19500C32AB9 /* Song.swift */,
			);
			name = Model;
			sourceTree = "<group>";
		};
		74D6A6352A0DFDD200480597 /* Controllers */ = {
			isa = PBXGroup;
			children = (
				74177FB72A0D592B007E6862 /* CustomTabbarViewController.swift */,
				7481AB7F2A0633B100391780 /* HomeController.swift */,
				74EE7EED2A0E6663007EDB03 /* PlayingController.swift */,
				74EE7EEF2A0E6673007EDB03 /* FavoriteController.swift */,
				7464E1792A13FA8E00A7EDC2 /* ResultController.swift */,
				74954DBE2A20B966003CED9E /* SplashScreenController.swift */,
				74954DC82A20C5C6003CED9E /* GiftLoader.swift */,
			);
			path = Controllers;
			sourceTree = "<group>";
		};
/* End PBXGroup section */

/* Begin PBXNativeTarget section */
		7481AB772A0633B100391780 /* SoundBox */ = {
			isa = PBXNativeTarget;
			buildConfigurationList = 7481ABA52A0633B200391780 /* Build configuration list for PBXNativeTarget "SoundBox" */;
			buildPhases = (
				7481AB742A0633B100391780 /* Sources */,
				7481AB752A0633B100391780 /* Frameworks */,
				7481AB762A0633B100391780 /* Resources */,
			);
			buildRules = (
			);
			dependencies = (
			);
			name = SoundBox;
			productName = SoundBox;
			productReference = 7481AB782A0633B100391780 /* SoundBox.app */;
			productType = "com.apple.product-type.application";
		};
		7481AB902A0633B200391780 /* SoundBoxTests */ = {
			isa = PBXNativeTarget;
			buildConfigurationList = 7481ABA82A0633B200391780 /* Build configuration list for PBXNativeTarget "SoundBoxTests" */;
			buildPhases = (
				7481AB8D2A0633B200391780 /* Sources */,
				7481AB8E2A0633B200391780 /* Frameworks */,
				7481AB8F2A0633B200391780 /* Resources */,
			);
			buildRules = (
			);
			dependencies = (
				7481AB932A0633B200391780 /* PBXTargetDependency */,
			);
			name = SoundBoxTests;
			productName = SoundBoxTests;
			productReference = 7481AB912A0633B200391780 /* SoundBoxTests.xctest */;
			productType = "com.apple.product-type.bundle.unit-test";
		};
		7481AB9A2A0633B200391780 /* SoundBoxUITests */ = {
			isa = PBXNativeTarget;
			buildConfigurationList = 7481ABAB2A0633B200391780 /* Build configuration list for PBXNativeTarget "SoundBoxUITests" */;
			buildPhases = (
				7481AB972A0633B200391780 /* Sources */,
				7481AB982A0633B200391780 /* Frameworks */,
				7481AB992A0633B200391780 /* Resources */,
			);
			buildRules = (
			);
			dependencies = (
				7481AB9D2A0633B200391780 /* PBXTargetDependency */,
			);
			name = SoundBoxUITests;
			productName = SoundBoxUITests;
			productReference = 7481AB9B2A0633B200391780 /* SoundBoxUITests.xctest */;
			productType = "com.apple.product-type.bundle.ui-testing";
		};
/* End PBXNativeTarget section */

/* Begin PBXProject section */
		7481AB702A0633B100391780 /* Project object */ = {
			isa = PBXProject;
			attributes = {
				BuildIndependentTargetsInParallel = 1;
				LastSwiftUpdateCheck = 1420;
				LastUpgradeCheck = 1420;
				TargetAttributes = {
					7481AB772A0633B100391780 = {
						CreatedOnToolsVersion = 14.2;
					};
					7481AB902A0633B200391780 = {
						CreatedOnToolsVersion = 14.2;
						TestTargetID = 7481AB772A0633B100391780;
					};
					7481AB9A2A0633B200391780 = {
						CreatedOnToolsVersion = 14.2;
						TestTargetID = 7481AB772A0633B100391780;
					};
				};
			};
			buildConfigurationList = 7481AB732A0633B100391780 /* Build configuration list for PBXProject "SoundBox" */;
			compatibilityVersion = "Xcode 14.0";
			developmentRegion = en;
			hasScannedForEncodings = 0;
			knownRegions = (
				en,
				Base,
			);
			mainGroup = 7481AB6F2A0633B100391780;
			productRefGroup = 7481AB792A0633B100391780 /* Products */;
			projectDirPath = "";
			projectRoot = "";
			targets = (
				7481AB772A0633B100391780 /* SoundBox */,
				7481AB902A0633B200391780 /* SoundBoxTests */,
				7481AB9A2A0633B200391780 /* SoundBoxUITests */,
			);
		};
/* End PBXProject section */

/* Begin PBXResourcesBuildPhase section */
		7481AB762A0633B100391780 /* Resources */ = {
			isa = PBXResourcesBuildPhase;
			buildActionMask = 2147483647;
			files = (
				7481AB8B2A0633B200391780 /* LaunchScreen.storyboard in Resources */,
				7481AB882A0633B200391780 /* Assets.xcassets in Resources */,
				74954DCF2A20CE67003CED9E /* SoundBox.gif in Resources */,
				7481AB832A0633B100391780 /* Main.storyboard in Resources */,
				74954DC12A20BBA1003CED9E /* intro.mp3 in Resources */,
				747C28782A1128FF00C6C51B /* Ngoc Nghech - Bao Thy.m4a in Resources */,
				747C28762A10BB1800C6C51B /* Haru Haru - Big Bang.m4a in Resources */,
				7464074C2A0F770700F34C5E /* vetmua.mp3 in Resources */,
				74954DD12A20CFF1003CED9E /* Sound Box.gif in Resources */,
				74954DCD2A20CC2C003CED9E /* logo.gif in Resources */,
				7464074A2A0F708700F34C5E /* Ca-Phe-MIN.mp3 in Resources */,
			);
			runOnlyForDeploymentPostprocessing = 0;
		};
		7481AB8F2A0633B200391780 /* Resources */ = {
			isa = PBXResourcesBuildPhase;
			buildActionMask = 2147483647;
			files = (
			);
			runOnlyForDeploymentPostprocessing = 0;
		};
		7481AB992A0633B200391780 /* Resources */ = {
			isa = PBXResourcesBuildPhase;
			buildActionMask = 2147483647;
			files = (
			);
			runOnlyForDeploymentPostprocessing = 0;
		};
/* End PBXResourcesBuildPhase section */

/* Begin PBXSourcesBuildPhase section */
		7481AB742A0633B100391780 /* Sources */ = {
			isa = PBXSourcesBuildPhase;
			buildActionMask = 2147483647;
			files = (
				74954DC92A20C5C6003CED9E /* GiftLoader.swift in Sources */,
				7481AB802A0633B100391780 /* HomeController.swift in Sources */,
				7481AB7C2A0633B100391780 /* AppDelegate.swift in Sources */,
				7481AB7E2A0633B100391780 /* SceneDelegate.swift in Sources */,
				74E616262A0F285100B8ED21 /* ListSongCollectionViewCell.swift in Sources */,
				74FC9F1A2A0776F000999929 /* ReccommedTableViewCell.swift in Sources */,
				74D2F99E2A07C19500C32AB9 /* Song.swift in Sources */,
				74EE7EF02A0E6673007EDB03 /* FavoriteController.swift in Sources */,
				74EE7EEE2A0E6663007EDB03 /* PlayingController.swift in Sources */,
				74954DBF2A20B966003CED9E /* SplashScreenController.swift in Sources */,
				7464E17A2A13FA8E00A7EDC2 /* ResultController.swift in Sources */,
				74D2F99C2A07B40400C32AB9 /* RecentlyCollectionViewCell.swift in Sources */,
				74177FB82A0D592B007E6862 /* CustomTabbarViewController.swift in Sources */,
				7481AB862A0633B100391780 /* SoundBox.xcdatamodeld in Sources */,
			);
			runOnlyForDeploymentPostprocessing = 0;
		};
		7481AB8D2A0633B200391780 /* Sources */ = {
			isa = PBXSourcesBuildPhase;
			buildActionMask = 2147483647;
			files = (
				7481AB962A0633B200391780 /* SoundBoxTests.swift in Sources */,
			);
			runOnlyForDeploymentPostprocessing = 0;
		};
		7481AB972A0633B200391780 /* Sources */ = {
			isa = PBXSourcesBuildPhase;
			buildActionMask = 2147483647;
			files = (
				7481ABA22A0633B200391780 /* SoundBoxUITestsLaunchTests.swift in Sources */,
				7481ABA02A0633B200391780 /* SoundBoxUITests.swift in Sources */,
			);
			runOnlyForDeploymentPostprocessing = 0;
		};
/* End PBXSourcesBuildPhase section */

/* Begin PBXTargetDependency section */
		7481AB932A0633B200391780 /* PBXTargetDependency */ = {
			isa = PBXTargetDependency;
			target = 7481AB772A0633B100391780 /* SoundBox */;
			targetProxy = 7481AB922A0633B200391780 /* PBXContainerItemProxy */;
		};
		7481AB9D2A0633B200391780 /* PBXTargetDependency */ = {
			isa = PBXTargetDependency;
			target = 7481AB772A0633B100391780 /* SoundBox */;
			targetProxy = 7481AB9C2A0633B200391780 /* PBXContainerItemProxy */;
		};
/* End PBXTargetDependency section */

/* Begin PBXVariantGroup section */
		7481AB812A0633B100391780 /* Main.storyboard */ = {
			isa = PBXVariantGroup;
			children = (
				7481AB822A0633B100391780 /* Base */,
			);
			name = Main.storyboard;
			sourceTree = "<group>";
		};
		7481AB892A0633B200391780 /* LaunchScreen.storyboard */ = {
			isa = PBXVariantGroup;
			children = (
				7481AB8A2A0633B200391780 /* Base */,
			);
			name = LaunchScreen.storyboard;
			sourceTree = "<group>";
		};
/* End PBXVariantGroup section */

/* Begin XCBuildConfiguration section */
		7481ABA32A0633B200391780 /* Debug */ = {
			isa = XCBuildConfiguration;
			buildSettings = {
				ALWAYS_SEARCH_USER_PATHS = NO;
				CLANG_ANALYZER_NONNULL = YES;
				CLANG_ANALYZER_NUMBER_OBJECT_CONVERSION = YES_AGGRESSIVE;
				CLANG_CXX_LANGUAGE_STANDARD = "gnu++20";
				CLANG_ENABLE_MODULES = YES;
				CLANG_ENABLE_OBJC_ARC = YES;
				CLANG_ENABLE_OBJC_WEAK = YES;
				CLANG_WARN_BLOCK_CAPTURE_AUTORELEASING = YES;
				CLANG_WARN_BOOL_CONVERSION = YES;
				CLANG_WARN_COMMA = YES;
				CLANG_WARN_CONSTANT_CONVERSION = YES;
				CLANG_WARN_DEPRECATED_OBJC_IMPLEMENTATIONS = YES;
				CLANG_WARN_DIRECT_OBJC_ISA_USAGE = YES_ERROR;
				CLANG_WARN_DOCUMENTATION_COMMENTS = YES;
				CLANG_WARN_EMPTY_BODY = YES;
				CLANG_WARN_ENUM_CONVERSION = YES;
				CLANG_WARN_INFINITE_RECURSION = YES;
				CLANG_WARN_INT_CONVERSION = YES;
				CLANG_WARN_NON_LITERAL_NULL_CONVERSION = YES;
				CLANG_WARN_OBJC_IMPLICIT_RETAIN_SELF = YES;
				CLANG_WARN_OBJC_LITERAL_CONVERSION = YES;
				CLANG_WARN_OBJC_ROOT_CLASS = YES_ERROR;
				CLANG_WARN_QUOTED_INCLUDE_IN_FRAMEWORK_HEADER = YES;
				CLANG_WARN_RANGE_LOOP_ANALYSIS = YES;
				CLANG_WARN_STRICT_PROTOTYPES = YES;
				CLANG_WARN_SUSPICIOUS_MOVE = YES;
				CLANG_WARN_UNGUARDED_AVAILABILITY = YES_AGGRESSIVE;
				CLANG_WARN_UNREACHABLE_CODE = YES;
				CLANG_WARN__DUPLICATE_METHOD_MATCH = YES;
				COPY_PHASE_STRIP = NO;
				DEBUG_INFORMATION_FORMAT = dwarf;
				ENABLE_STRICT_OBJC_MSGSEND = YES;
				ENABLE_TESTABILITY = YES;
				GCC_C_LANGUAGE_STANDARD = gnu11;
				GCC_DYNAMIC_NO_PIC = NO;
				GCC_NO_COMMON_BLOCKS = YES;
				GCC_OPTIMIZATION_LEVEL = 0;
				GCC_PREPROCESSOR_DEFINITIONS = (
					"DEBUG=1",
					"$(inherited)",
				);
				GCC_WARN_64_TO_32_BIT_CONVERSION = YES;
				GCC_WARN_ABOUT_RETURN_TYPE = YES_ERROR;
				GCC_WARN_UNDECLARED_SELECTOR = YES;
				GCC_WARN_UNINITIALIZED_AUTOS = YES_AGGRESSIVE;
				GCC_WARN_UNUSED_FUNCTION = YES;
				GCC_WARN_UNUSED_VARIABLE = YES;
				IPHONEOS_DEPLOYMENT_TARGET = 16.2;
				MTL_ENABLE_DEBUG_INFO = INCLUDE_SOURCE;
				MTL_FAST_MATH = YES;
				ONLY_ACTIVE_ARCH = YES;
				SDKROOT = iphoneos;
				SWIFT_ACTIVE_COMPILATION_CONDITIONS = DEBUG;
				SWIFT_OPTIMIZATION_LEVEL = "-Onone";
			};
			name = Debug;
		};
		7481ABA42A0633B200391780 /* Release */ = {
			isa = XCBuildConfiguration;
			buildSettings = {
				ALWAYS_SEARCH_USER_PATHS = NO;
				CLANG_ANALYZER_NONNULL = YES;
				CLANG_ANALYZER_NUMBER_OBJECT_CONVERSION = YES_AGGRESSIVE;
				CLANG_CXX_LANGUAGE_STANDARD = "gnu++20";
				CLANG_ENABLE_MODULES = YES;
				CLANG_ENABLE_OBJC_ARC = YES;
				CLANG_ENABLE_OBJC_WEAK = YES;
				CLANG_WARN_BLOCK_CAPTURE_AUTORELEASING = YES;
				CLANG_WARN_BOOL_CONVERSION = YES;
				CLANG_WARN_COMMA = YES;
				CLANG_WARN_CONSTANT_CONVERSION = YES;
				CLANG_WARN_DEPRECATED_OBJC_IMPLEMENTATIONS = YES;
				CLANG_WARN_DIRECT_OBJC_ISA_USAGE = YES_ERROR;
				CLANG_WARN_DOCUMENTATION_COMMENTS = YES;
				CLANG_WARN_EMPTY_BODY = YES;
				CLANG_WARN_ENUM_CONVERSION = YES;
				CLANG_WARN_INFINITE_RECURSION = YES;
				CLANG_WARN_INT_CONVERSION = YES;
				CLANG_WARN_NON_LITERAL_NULL_CONVERSION = YES;
				CLANG_WARN_OBJC_IMPLICIT_RETAIN_SELF = YES;
				CLANG_WARN_OBJC_LITERAL_CONVERSION = YES;
				CLANG_WARN_OBJC_ROOT_CLASS = YES_ERROR;
				CLANG_WARN_QUOTED_INCLUDE_IN_FRAMEWORK_HEADER = YES;
				CLANG_WARN_RANGE_LOOP_ANALYSIS = YES;
				CLANG_WARN_STRICT_PROTOTYPES = YES;
				CLANG_WARN_SUSPICIOUS_MOVE = YES;
				CLANG_WARN_UNGUARDED_AVAILABILITY = YES_AGGRESSIVE;
				CLANG_WARN_UNREACHABLE_CODE = YES;
				CLANG_WARN__DUPLICATE_METHOD_MATCH = YES;
				COPY_PHASE_STRIP = NO;
				DEBUG_INFORMATION_FORMAT = "dwarf-with-dsym";
				ENABLE_NS_ASSERTIONS = NO;
				ENABLE_STRICT_OBJC_MSGSEND = YES;
				GCC_C_LANGUAGE_STANDARD = gnu11;
				GCC_NO_COMMON_BLOCKS = YES;
				GCC_WARN_64_TO_32_BIT_CONVERSION = YES;
				GCC_WARN_ABOUT_RETURN_TYPE = YES_ERROR;
				GCC_WARN_UNDECLARED_SELECTOR = YES;
				GCC_WARN_UNINITIALIZED_AUTOS = YES_AGGRESSIVE;
				GCC_WARN_UNUSED_FUNCTION = YES;
				GCC_WARN_UNUSED_VARIABLE = YES;
				IPHONEOS_DEPLOYMENT_TARGET = 16.2;
				MTL_ENABLE_DEBUG_INFO = NO;
				MTL_FAST_MATH = YES;
				SDKROOT = iphoneos;
				SWIFT_COMPILATION_MODE = wholemodule;
				SWIFT_OPTIMIZATION_LEVEL = "-O";
				VALIDATE_PRODUCT = YES;
			};
			name = Release;
		};
		7481ABA62A0633B200391780 /* Debug */ = {
			isa = XCBuildConfiguration;
			buildSettings = {
				ASSETCATALOG_COMPILER_APPICON_NAME = AppIcon;
				ASSETCATALOG_COMPILER_GLOBAL_ACCENT_COLOR_NAME = AccentColor;
				CODE_SIGN_STYLE = Automatic;
				CURRENT_PROJECT_VERSION = 1;
				GENERATE_INFOPLIST_FILE = YES;
				INFOPLIST_FILE = SoundBox/Info.plist;
				INFOPLIST_KEY_UIApplicationSupportsIndirectInputEvents = YES;
				INFOPLIST_KEY_UILaunchStoryboardName = LaunchScreen;
				INFOPLIST_KEY_UIMainStoryboardFile = Main;
				INFOPLIST_KEY_UISupportedInterfaceOrientations_iPad = "UIInterfaceOrientationPortrait UIInterfaceOrientationPortraitUpsideDown UIInterfaceOrientationLandscapeLeft UIInterfaceOrientationLandscapeRight";
				INFOPLIST_KEY_UISupportedInterfaceOrientations_iPhone = "UIInterfaceOrientationPortrait UIInterfaceOrientationLandscapeLeft UIInterfaceOrientationLandscapeRight";
				LD_RUNPATH_SEARCH_PATHS = (
					"$(inherited)",
					"@executable_path/Frameworks",
				);
				MARKETING_VERSION = 1.0;
				PRODUCT_BUNDLE_IDENTIFIER = vn.edu.tdc.SoundBox;
				PRODUCT_NAME = "$(TARGET_NAME)";
				SWIFT_EMIT_LOC_STRINGS = YES;
				SWIFT_VERSION = 5.0;
				TARGETED_DEVICE_FAMILY = "1,2";
			};
			name = Debug;
		};
		7481ABA72A0633B200391780 /* Release */ = {
			isa = XCBuildConfiguration;
			buildSettings = {
				ASSETCATALOG_COMPILER_APPICON_NAME = AppIcon;
				ASSETCATALOG_COMPILER_GLOBAL_ACCENT_COLOR_NAME = AccentColor;
				CODE_SIGN_STYLE = Automatic;
				CURRENT_PROJECT_VERSION = 1;
				GENERATE_INFOPLIST_FILE = YES;
				INFOPLIST_FILE = SoundBox/Info.plist;
				INFOPLIST_KEY_UIApplicationSupportsIndirectInputEvents = YES;
				INFOPLIST_KEY_UILaunchStoryboardName = LaunchScreen;
				INFOPLIST_KEY_UIMainStoryboardFile = Main;
				INFOPLIST_KEY_UISupportedInterfaceOrientations_iPad = "UIInterfaceOrientationPortrait UIInterfaceOrientationPortraitUpsideDown UIInterfaceOrientationLandscapeLeft UIInterfaceOrientationLandscapeRight";
				INFOPLIST_KEY_UISupportedInterfaceOrientations_iPhone = "UIInterfaceOrientationPortrait UIInterfaceOrientationLandscapeLeft UIInterfaceOrientationLandscapeRight";
				LD_RUNPATH_SEARCH_PATHS = (
					"$(inherited)",
					"@executable_path/Frameworks",
				);
				MARKETING_VERSION = 1.0;
				PRODUCT_BUNDLE_IDENTIFIER = vn.edu.tdc.SoundBox;
				PRODUCT_NAME = "$(TARGET_NAME)";
				SWIFT_EMIT_LOC_STRINGS = YES;
				SWIFT_VERSION = 5.0;
				TARGETED_DEVICE_FAMILY = "1,2";
			};
			name = Release;
		};
		7481ABA92A0633B200391780 /* Debug */ = {
			isa = XCBuildConfiguration;
			buildSettings = {
				ALWAYS_EMBED_SWIFT_STANDARD_LIBRARIES = YES;
				BUNDLE_LOADER = "$(TEST_HOST)";
				CODE_SIGN_STYLE = Automatic;
				CURRENT_PROJECT_VERSION = 1;
				GENERATE_INFOPLIST_FILE = YES;
				IPHONEOS_DEPLOYMENT_TARGET = 16.2;
				MARKETING_VERSION = 1.0;
				PRODUCT_BUNDLE_IDENTIFIER = vn.edu.tdc.SoundBoxTests;
				PRODUCT_NAME = "$(TARGET_NAME)";
				SWIFT_EMIT_LOC_STRINGS = NO;
				SWIFT_VERSION = 5.0;
				TARGETED_DEVICE_FAMILY = "1,2";
				TEST_HOST = "$(BUILT_PRODUCTS_DIR)/SoundBox.app/$(BUNDLE_EXECUTABLE_FOLDER_PATH)/SoundBox";
			};
			name = Debug;
		};
		7481ABAA2A0633B200391780 /* Release */ = {
			isa = XCBuildConfiguration;
			buildSettings = {
				ALWAYS_EMBED_SWIFT_STANDARD_LIBRARIES = YES;
				BUNDLE_LOADER = "$(TEST_HOST)";
				CODE_SIGN_STYLE = Automatic;
				CURRENT_PROJECT_VERSION = 1;
				GENERATE_INFOPLIST_FILE = YES;
				IPHONEOS_DEPLOYMENT_TARGET = 16.2;
				MARKETING_VERSION = 1.0;
				PRODUCT_BUNDLE_IDENTIFIER = vn.edu.tdc.SoundBoxTests;
				PRODUCT_NAME = "$(TARGET_NAME)";
				SWIFT_EMIT_LOC_STRINGS = NO;
				SWIFT_VERSION = 5.0;
				TARGETED_DEVICE_FAMILY = "1,2";
				TEST_HOST = "$(BUILT_PRODUCTS_DIR)/SoundBox.app/$(BUNDLE_EXECUTABLE_FOLDER_PATH)/SoundBox";
			};
			name = Release;
		};
		7481ABAC2A0633B200391780 /* Debug */ = {
			isa = XCBuildConfiguration;
			buildSettings = {
				ALWAYS_EMBED_SWIFT_STANDARD_LIBRARIES = YES;
				CODE_SIGN_STYLE = Automatic;
				CURRENT_PROJECT_VERSION = 1;
				GENERATE_INFOPLIST_FILE = YES;
				MARKETING_VERSION = 1.0;
				PRODUCT_BUNDLE_IDENTIFIER = vn.edu.tdc.SoundBoxUITests;
				PRODUCT_NAME = "$(TARGET_NAME)";
				SWIFT_EMIT_LOC_STRINGS = NO;
				SWIFT_VERSION = 5.0;
				TARGETED_DEVICE_FAMILY = "1,2";
				TEST_TARGET_NAME = SoundBox;
			};
			name = Debug;
		};
		7481ABAD2A0633B200391780 /* Release */ = {
			isa = XCBuildConfiguration;
			buildSettings = {
				ALWAYS_EMBED_SWIFT_STANDARD_LIBRARIES = YES;
				CODE_SIGN_STYLE = Automatic;
				CURRENT_PROJECT_VERSION = 1;
				GENERATE_INFOPLIST_FILE = YES;
				MARKETING_VERSION = 1.0;
				PRODUCT_BUNDLE_IDENTIFIER = vn.edu.tdc.SoundBoxUITests;
				PRODUCT_NAME = "$(TARGET_NAME)";
				SWIFT_EMIT_LOC_STRINGS = NO;
				SWIFT_VERSION = 5.0;
				TARGETED_DEVICE_FAMILY = "1,2";
				TEST_TARGET_NAME = SoundBox;
			};
			name = Release;
		};
/* End XCBuildConfiguration section */

/* Begin XCConfigurationList section */
		7481AB732A0633B100391780 /* Build configuration list for PBXProject "SoundBox" */ = {
			isa = XCConfigurationList;
			buildConfigurations = (
				7481ABA32A0633B200391780 /* Debug */,
				7481ABA42A0633B200391780 /* Release */,
			);
			defaultConfigurationIsVisible = 0;
			defaultConfigurationName = Release;
		};
		7481ABA52A0633B200391780 /* Build configuration list for PBXNativeTarget "SoundBox" */ = {
			isa = XCConfigurationList;
			buildConfigurations = (
				7481ABA62A0633B200391780 /* Debug */,
				7481ABA72A0633B200391780 /* Release */,
			);
			defaultConfigurationIsVisible = 0;
			defaultConfigurationName = Release;
		};
		7481ABA82A0633B200391780 /* Build configuration list for PBXNativeTarget "SoundBoxTests" */ = {
			isa = XCConfigurationList;
			buildConfigurations = (
				7481ABA92A0633B200391780 /* Debug */,
				7481ABAA2A0633B200391780 /* Release */,
			);
			defaultConfigurationIsVisible = 0;
			defaultConfigurationName = Release;
		};
		7481ABAB2A0633B200391780 /* Build configuration list for PBXNativeTarget "SoundBoxUITests" */ = {
			isa = XCConfigurationList;
			buildConfigurations = (
				7481ABAC2A0633B200391780 /* Debug */,
				7481ABAD2A0633B200391780 /* Release */,
			);
			defaultConfigurationIsVisible = 0;
			defaultConfigurationName = Release;
		};
/* End XCConfigurationList section */

/* Begin XCVersionGroup section */
		7481AB842A0633B100391780 /* SoundBox.xcdatamodeld */ = {
			isa = XCVersionGroup;
			children = (
				7481AB852A0633B100391780 /* SoundBox.xcdatamodel */,
			);
			currentVersion = 7481AB852A0633B100391780 /* SoundBox.xcdatamodel */;
			path = SoundBox.xcdatamodeld;
			sourceTree = "<group>";
			versionGroupType = wrapper.xcdatamodel;
		};
/* End XCVersionGroup section */
	};
	rootObject = 7481AB702A0633B100391780 /* Project object */;
}
